
Microsoft Visual Studio Solution File, Format Version 12.00
# Visual Studio Version 17
VisualStudioVersion = 17.5.33516.290
MinimumVisualStudioVersion = 10.0.40219.1
Project("{9A19103F-16F7-4668-BE54-9A1E7A4F7556}") = "TripleJWebApp", "TripleJWebApp\TripleJWebApp.csproj", "{171DEA20-A6A2-4A45-8A6A-897C474C212F}"
EndProject
Project("{FAE04EC0-301F-11D3-BF4B-00C04F79EFBC}") = "PlaylistDataProcessor", "PlaylistDataProcessor\PlaylistDataProcessor.csproj", "{FC4EE583-C8DE-4814-B151-D4147688F752}"
EndProject
Project("{FAE04EC0-301F-11D3-BF4B-00C04F79EFBC}") = "PlaylistImporter", "PlaylistImporter\PlaylistImporter.csproj", "{DC786890-89B9-4A40-8344-04FB5CB0C9C6}"
EndProject
Global
	GlobalSection(SolutionConfigurationPlatforms) = preSolution
		Debug|Any CPU = Debug|Any CPU
		Release|Any CPU = Release|Any CPU
	EndGlobalSection
	GlobalSection(ProjectConfigurationPlatforms) = postSolution
		{171DEA20-A6A2-4A45-8A6A-897C474C212F}.Debug|Any CPU.ActiveCfg = Debug|Any CPU
		{171DEA20-A6A2-4A45-8A6A-897C474C212F}.Debug|Any CPU.Build.0 = Debug|Any CPU
		{171DEA20-A6A2-4A45-8A6A-897C474C212F}.Release|Any CPU.ActiveCfg = Release|Any CPU
		{171DEA20-A6A2-4A45-8A6A-897C474C212F}.Release|Any CPU.Build.0 = Release|Any CPU
		{FC4EE583-C8DE-4814-B151-D4147688F752}.Debug|Any CPU.ActiveCfg = Debug|Any CPU
		{FC4EE583-C8DE-4814-B151-D4147688F752}.Debug|Any CPU.Build.0 = Debug|Any CPU
		{FC4EE583-C8DE-4814-B151-D4147688F752}.Release|Any CPU.ActiveCfg = Release|Any CPU
		{FC4EE583-C8DE-4814-B151-D4147688F752}.Release|Any CPU.Build.0 = Release|Any CPU
		{DC786890-89B9-4A40-8344-04FB5CB0C9C6}.Debug|Any CPU.ActiveCfg = Debug|Any CPU
		{DC786890-89B9-4A40-8344-04FB5CB0C9C6}.Debug|Any CPU.Build.0 = Debug|Any CPU
		{DC786890-89B9-4A40-8344-04FB5CB0C9C6}.Release|Any CPU.ActiveCfg = Release|Any CPU
		{DC786890-89B9-4A40-8344-04FB5CB0C9C6}.Release|Any CPU.Build.0 = Release|Any CPU
	EndGlobalSection
	GlobalSection(SolutionProperties) = preSolution
		HideSolutionNode = FALSE
	EndGlobalSection
	GlobalSection(ExtensibilityGlobals) = postSolution
		SolutionGuid = {2348B1DD-0475-40E8-BA12-27A028384633}
	EndGlobalSection
EndGlobal
